
Microsoft Visual Studio Solution File, Format Version 12.00
Project("{FAE04EC0-301F-11D3-BF4B-00C04F79EFBC}") = "Project", "Project\Project.csproj", "{F49CF3D5-27FB-4671-AD23-35EAD6E4B39D}"
EndProject
Project("{FAE04EC0-301F-11D3-BF4B-00C04F79EFBC}") = "Tests", "Tests\Tests.csproj", "{D50BCF7F-A20B-4915-9182-E1001773A18F}"
EndProject
Global
	GlobalSection(SolutionConfigurationPlatforms) = preSolution
		Debug|Any CPU = Debug|Any CPU
		Release|Any CPU = Release|Any CPU
	EndGlobalSection
	GlobalSection(ProjectConfigurationPlatforms) = postSolution
		{F49CF3D5-27FB-4671-AD23-35EAD6E4B39D}.Debug|Any CPU.ActiveCfg = Debug|Any CPU
		{F49CF3D5-27FB-4671-AD23-35EAD6E4B39D}.Debug|Any CPU.Build.0 = Debug|Any CPU
		{F49CF3D5-27FB-4671-AD23-35EAD6E4B39D}.Release|Any CPU.ActiveCfg = Release|Any CPU
		{F49CF3D5-27FB-4671-AD23-35EAD6E4B39D}.Release|Any CPU.Build.0 = Release|Any CPU
		{D50BCF7F-A20B-4915-9182-E1001773A18F}.Debug|Any CPU.ActiveCfg = Debug|Any CPU
		{D50BCF7F-A20B-4915-9182-E1001773A18F}.Debug|Any CPU.Build.0 = Debug|Any CPU
		{D50BCF7F-A20B-4915-9182-E1001773A18F}.Release|Any CPU.ActiveCfg = Release|Any CPU
		{D50BCF7F-A20B-4915-9182-E1001773A18F}.Release|Any CPU.Build.0 = Release|Any CPU
	EndGlobalSection
EndGlobal
